// !$*UTF8*$!
{
	archiveVersion = 1;
	classes = {
	};
	objectVersion = 60;
	objects = {

/* Begin PBXBuildFile section */
		504EC3081FED79650016851F /* AppDelegate.swift in Sources */ = {isa = PBXBuildFile; fileRef = 504EC3071FED79650016851F /* AppDelegate.swift */; };
		A10000000000000000000011 /* MonochromeApp.swift in Sources */ = {isa = PBXBuildFile; fileRef = A10000000000000000000001 /* MonochromeApp.swift */; };
		A10000000000000000000012 /* Models.swift in Sources */ = {isa = PBXBuildFile; fileRef = A10000000000000000000002 /* Models.swift */; };
		A10000000000000000000013 /* MusicService.swift in Sources */ = {isa = PBXBuildFile; fileRef = A10000000000000000000003 /* MusicService.swift */; };
		A10000000000000000000018 /* AmazonCencDecryptor.swift in Sources */ = {isa = PBXBuildFile; fileRef = A10000000000000000000008 /* AmazonCencDecryptor.swift */; };
		A10000000000000000000019 /* AmazonTurnstileAuth.swift in Sources */ = {isa = PBXBuildFile; fileRef = A10000000000000000000009 /* AmazonTurnstileAuth.swift */; };
		A1000000000000000000001A /* PodcastsService.swift in Sources */ = {isa = PBXBuildFile; fileRef = A1000000000000000000000A /* PodcastsService.swift */; };
		A1000000000000000000001C /* UnifiedPlaybackService.swift in Sources */ = {isa = PBXBuildFile; fileRef = A1000000000000000000000C /* UnifiedPlaybackService.swift */; };
		A1000000000000000000001D /* AudioAnalyzer.swift in Sources */ = {isa = PBXBuildFile; fileRef = A1000000000000000000000D /* AudioAnalyzer.swift */; };
		A10000000000000000000091 /* Recommendations.swift in Sources */ = {isa = PBXBuildFile; fileRef = A10000000000000000000090 /* Recommendations.swift */; };
		A1000000000000000000001B /* PodcastProgressStore.swift in Sources */ = {isa = PBXBuildFile; fileRef = A1000000000000000000000B /* PodcastProgressStore.swift */; };
		A10000000000000000000014 /* LibraryRepository.swift in Sources */ = {isa = PBXBuildFile; fileRef = A10000000000000000000004 /* LibraryRepository.swift */; };
		A10000000000000000000015 /* AuthSession.swift in Sources */ = {isa = PBXBuildFile; fileRef = A10000000000000000000005 /* AuthSession.swift */; };
		A10000000000000000000016 /* PlaybackEngine.swift in Sources */ = {isa = PBXBuildFile; fileRef = A10000000000000000000006 /* PlaybackEngine.swift */; };
		A10000000000000000000017 /* Views.swift in Sources */ = {isa = PBXBuildFile; fileRef = A10000000000000000000007 /* Views.swift */; };
		A20000000000000000000011 /* AppTests.swift in Sources */ = {isa = PBXBuildFile; fileRef = A20000000000000000000001 /* AppTests.swift */; };
		A20000000000000000000091 /* RecommendationMathTests.swift in Sources */ = {isa = PBXBuildFile; fileRef = A20000000000000000000090 /* RecommendationMathTests.swift */; };
		A20000000000000000000093 /* UnifiedPlaybackTests.swift in Sources */ = {isa = PBXBuildFile; fileRef = A20000000000000000000092 /* UnifiedPlaybackTests.swift */; };
		A20000000000000000000095 /* AudioAnalyzerTests.swift in Sources */ = {isa = PBXBuildFile; fileRef = A20000000000000000000094 /* AudioAnalyzerTests.swift */; };
		504EC30F1FED79650016851F /* Assets.xcassets in Resources */ = {isa = PBXBuildFile; fileRef = 504EC30E1FED79650016851F /* Assets.xcassets */; };
		504EC3121FED79650016851F /* LaunchScreen.storyboard in Resources */ = {isa = PBXBuildFile; fileRef = 504EC3101FED79650016851F /* LaunchScreen.storyboard */; };
/* End PBXBuildFile section */

/* Begin PBXContainerItemProxy section */
		A20000000000000000000025 /* PBXContainerItemProxy */ = {
			isa = PBXContainerItemProxy;
			containerPortal = 504EC2FC1FED79650016851F /* Project object */;
			proxyType = 1;
			remoteGlobalIDString = 504EC3031FED79650016851F;
			remoteInfo = App;
		};
/* End PBXContainerItemProxy section */

/* Begin PBXFileReference section */
		504EC3041FED79650016851F /* App.app */ = {isa = PBXFileReference; explicitFileType = wrapper.application; includeInIndex = 0; path = App.app; sourceTree = BUILT_PRODUCTS_DIR; };
		504EC3071FED79650016851F /* AppDelegate.swift */ = {isa = PBXFileReference; lastKnownFileType = sourcecode.swift; path = AppDelegate.swift; sourceTree = "<group>"; };
		A10000000000000000000001 /* MonochromeApp.swift */ = {isa = PBXFileReference; lastKnownFileType = sourcecode.swift; path = MonochromeApp.swift; sourceTree = "<group>"; };
		A10000000000000000000002 /* Models.swift */ = {isa = PBXFileReference; lastKnownFileType = sourcecode.swift; path = Models.swift; sourceTree = "<group>"; };
		A10000000000000000000003 /* MusicService.swift */ = {isa = PBXFileReference; lastKnownFileType = sourcecode.swift; path = MusicService.swift; sourceTree = "<group>"; };
		A10000000000000000000004 /* LibraryRepository.swift */ = {isa = PBXFileReference; lastKnownFileType = sourcecode.swift; path = LibraryRepository.swift; sourceTree = "<group>"; };
		A10000000000000000000005 /* AuthSession.swift */ = {isa = PBXFileReference; lastKnownFileType = sourcecode.swift; path = AuthSession.swift; sourceTree = "<group>"; };
		A10000000000000000000006 /* PlaybackEngine.swift */ = {isa = PBXFileReference; lastKnownFileType = sourcecode.swift; path = PlaybackEngine.swift; sourceTree = "<group>"; };
		A10000000000000000000007 /* Views.swift */ = {isa = PBXFileReference; lastKnownFileType = sourcecode.swift; path = Views.swift; sourceTree = "<group>"; };
		A10000000000000000000008 /* AmazonCencDecryptor.swift */ = {isa = PBXFileReference; lastKnownFileType = sourcecode.swift; path = AmazonCencDecryptor.swift; sourceTree = "<group>"; };
		A10000000000000000000009 /* AmazonTurnstileAuth.swift */ = {isa = PBXFileReference; lastKnownFileType = sourcecode.swift; path = AmazonTurnstileAuth.swift; sourceTree = "<group>"; };
		A1000000000000000000000A /* PodcastsService.swift */ = {isa = PBXFileReference; lastKnownFileType = sourcecode.swift; path = PodcastsService.swift; sourceTree = "<group>"; };
		A10000000000000000000090 /* Recommendations.swift */ = {isa = PBXFileReference; lastKnownFileType = sourcecode.swift; path = Recommendations.swift; sourceTree = "<group>"; };
		A1000000000000000000000B /* PodcastProgressStore.swift */ = {isa = PBXFileReference; lastKnownFileType = sourcecode.swift; path = PodcastProgressStore.swift; sourceTree = "<group>"; };
		A1000000000000000000000C /* UnifiedPlaybackService.swift */ = {isa = PBXFileReference; lastKnownFileType = sourcecode.swift; path = UnifiedPlaybackService.swift; sourceTree = "<group>"; };
		A1000000000000000000000D /* AudioAnalyzer.swift */ = {isa = PBXFileReference; lastKnownFileType = sourcecode.swift; path = AudioAnalyzer.swift; sourceTree = "<group>"; };
		A20000000000000000000001 /* AppTests.swift */ = {isa = PBXFileReference; lastKnownFileType = sourcecode.swift; path = AppTests.swift; sourceTree = "<group>"; };
		A20000000000000000000090 /* RecommendationMathTests.swift */ = {isa = PBXFileReference; lastKnownFileType = sourcecode.swift; path = RecommendationMathTests.swift; sourceTree = "<group>"; };
		A20000000000000000000092 /* UnifiedPlaybackTests.swift */ = {isa = PBXFileReference; lastKnownFileType = sourcecode.swift; path = UnifiedPlaybackTests.swift; sourceTree = "<group>"; };
		A20000000000000000000094 /* AudioAnalyzerTests.swift */ = {isa = PBXFileReference; lastKnownFileType = sourcecode.swift; path = AudioAnalyzerTests.swift; sourceTree = "<group>"; };
		A20000000000000000000002 /* AppTests.xctest */ = {isa = PBXFileReference; explicitFileType = wrapper.cfbundle; includeInIndex = 0; path = AppTests.xctest; sourceTree = BUILT_PRODUCTS_DIR; };
		504EC30E1FED79650016851F /* Assets.xcassets */ = {isa = PBXFileReference; lastKnownFileType = folder.assetcatalog; path = Assets.xcassets; sourceTree = "<group>"; };
		504EC3111FED79650016851F /* Base */ = {isa = PBXFileReference; lastKnownFileType = file.storyboard; name = Base; path = Base.lproj/LaunchScreen.storyboard; sourceTree = "<group>"; };
		504EC3131FED79650016851F /* Info.plist */ = {isa = PBXFileReference; lastKnownFileType = text.plist.xml; path = Info.plist; sourceTree = "<group>"; };
/* End PBXFileReference section */

/* Begin PBXFrameworksBuildPhase section */
		504EC3011FED79650016851F /* Frameworks */ = {
			isa = PBXFrameworksBuildPhase;
			buildActionMask = 2147483647;
			files = (
			);
			runOnlyForDeploymentPostprocessing = 0;
		};
		A20000000000000000000022 /* Frameworks */ = {
			isa = PBXFrameworksBuildPhase;
			buildActionMask = 2147483647;
			files = (
			);
			runOnlyForDeploymentPostprocessing = 0;
		};
/* End PBXFrameworksBuildPhase section */

/* Begin PBXGroup section */
		504EC2FB1FED79650016851F = {
			isa = PBXGroup;
			children = (
				504EC3061FED79650016851F /* App */,
				A20000000000000000000020 /* AppTests */,
				504EC3051FED79650016851F /* Products */,
			);
			sourceTree = "<group>";
		};
		504EC3051FED79650016851F /* Products */ = {
			isa = PBXGroup;
			children = (
				504EC3041FED79650016851F /* App.app */,
				A20000000000000000000002 /* AppTests.xctest */,
			);
			name = Products;
			sourceTree = "<group>";
		};
		504EC3061FED79650016851F /* App */ = {
			isa = PBXGroup;
			children = (
				504EC3071FED79650016851F /* AppDelegate.swift */,
				A10000000000000000000001 /* MonochromeApp.swift */,
				A10000000000000000000002 /* Models.swift */,
				A10000000000000000000003 /* MusicService.swift */,
				A10000000000000000000004 /* LibraryRepository.swift */,
				A10000000000000000000005 /* AuthSession.swift */,
				A10000000000000000000006 /* PlaybackEngine.swift */,
				A10000000000000000000007 /* Views.swift */,
				A10000000000000000000008 /* AmazonCencDecryptor.swift */,
				A10000000000000000000009 /* AmazonTurnstileAuth.swift */,
				A1000000000000000000000A /* PodcastsService.swift */,
				A1000000000000000000000B /* PodcastProgressStore.swift */,
				A1000000000000000000000C /* UnifiedPlaybackService.swift */,
				A1000000000000000000000D /* AudioAnalyzer.swift */,
				A10000000000000000000090 /* Recommendations.swift */,
				504EC30E1FED79650016851F /* Assets.xcassets */,
				504EC3101FED79650016851F /* LaunchScreen.storyboard */,
				504EC3131FED79650016851F /* Info.plist */,
			);
			path = App;
			sourceTree = "<group>";
		};
		A20000000000000000000020 /* AppTests */ = {
			isa = PBXGroup;
			children = (
				A20000000000000000000001 /* AppTests.swift */,
				A20000000000000000000090 /* RecommendationMathTests.swift */,
				A20000000000000000000092 /* UnifiedPlaybackTests.swift */,
				A20000000000000000000094 /* AudioAnalyzerTests.swift */,
			);
			path = AppTests;
			sourceTree = "<group>";
		};
/* End PBXGroup section */

/* Begin PBXNativeTarget section */
		504EC3031FED79650016851F /* App */ = {
			isa = PBXNativeTarget;
			buildConfigurationList = 504EC3161FED79650016851F /* Build configuration list for PBXNativeTarget "App" */;
			buildPhases = (
				504EC3001FED79650016851F /* Sources */,
				504EC3011FED79650016851F /* Frameworks */,
				504EC3021FED79650016851F /* Resources */,
			);
			buildRules = (
			);
			dependencies = (
			);
			name = App;
			packageProductDependencies = (
			);
			productName = App;
			productReference = 504EC3041FED79650016851F /* App.app */;
			productType = "com.apple.product-type.application";
		};
		A20000000000000000000024 /* AppTests */ = {
			isa = PBXNativeTarget;
			buildConfigurationList = A20000000000000000000029 /* Build configuration list for PBXNativeTarget "AppTests" */;
			buildPhases = (
				A20000000000000000000021 /* Sources */,
				A20000000000000000000022 /* Frameworks */,
			);
			buildRules = (
			);
			dependencies = (
				A20000000000000000000026 /* PBXTargetDependency */,
			);
			name = AppTests;
			productName = AppTests;
			productReference = A20000000000000000000002 /* AppTests.xctest */;
			productType = "com.apple.product-type.bundle.unit-test";
		};
/* End PBXNativeTarget section */

/* Begin PBXProject section */
		504EC2FC1FED79650016851F /* Project object */ = {
			isa = PBXProject;
			attributes = {
				LastSwiftUpdateCheck = 920;
				LastUpgradeCheck = 920;
				TargetAttributes = {
					504EC3031FED79650016851F = {
						CreatedOnToolsVersion = 9.2;
						LastSwiftMigration = 1100;
						ProvisioningStyle = Automatic;
					};
					A20000000000000000000024 = {
						CreatedOnToolsVersion = 16.0;
						TestTargetID = 504EC3031FED79650016851F;
					};
				};
			};
			buildConfigurationList = 504EC2FF1FED79650016851F /* Build configuration list for PBXProject "App" */;
			compatibilityVersion = "Xcode 8.0";
			developmentRegion = en;
			hasScannedForEncodings = 0;
			knownRegions = (
				en,
				Base,
			);
			mainGroup = 504EC2FB1FED79650016851F;
			packageReferences = (
			);
			productRefGroup = 504EC3051FED79650016851F /* Products */;
			projectDirPath = "";
			projectRoot = "";
			targets = (
				504EC3031FED79650016851F /* App */,
				A20000000000000000000024 /* AppTests */,
			);
		};
/* End PBXProject section */

/* Begin PBXResourcesBuildPhase section */
		504EC3021FED79650016851F /* Resources */ = {
			isa = PBXResourcesBuildPhase;
			buildActionMask = 2147483647;
			files = (
				504EC3121FED79650016851F /* LaunchScreen.storyboard in Resources */,
				504EC30F1FED79650016851F /* Assets.xcassets in Resources */,
			);
			runOnlyForDeploymentPostprocessing = 0;
		};
/* End PBXResourcesBuildPhase section */

/* Begin PBXSourcesBuildPhase section */
		504EC3001FED79650016851F /* Sources */ = {
			isa = PBXSourcesBuildPhase;
			buildActionMask = 2147483647;
			files = (
				A10000000000000000000011 /* MonochromeApp.swift in Sources */,
				504EC3081FED79650016851F /* AppDelegate.swift in Sources */,
				A10000000000000000000012 /* Models.swift in Sources */,
				A10000000000000000000013 /* MusicService.swift in Sources */,
				A10000000000000000000014 /* LibraryRepository.swift in Sources */,
				A10000000000000000000015 /* AuthSession.swift in Sources */,
				A10000000000000000000016 /* PlaybackEngine.swift in Sources */,
				A10000000000000000000017 /* Views.swift in Sources */,
				A10000000000000000000018 /* AmazonCencDecryptor.swift in Sources */,
				A10000000000000000000019 /* AmazonTurnstileAuth.swift in Sources */,
				A1000000000000000000001A /* PodcastsService.swift in Sources */,
				A1000000000000000000001B /* PodcastProgressStore.swift in Sources */,
				A1000000000000000000001C /* UnifiedPlaybackService.swift in Sources */,
				A1000000000000000000001D /* AudioAnalyzer.swift in Sources */,
				A10000000000000000000091 /* Recommendations.swift in Sources */,
			);
			runOnlyForDeploymentPostprocessing = 0;
		};
		A20000000000000000000021 /* Sources */ = {
			isa = PBXSourcesBuildPhase;
			buildActionMask = 2147483647;
			files = (
				A20000000000000000000011 /* AppTests.swift in Sources */,
				A20000000000000000000091 /* RecommendationMathTests.swift in Sources */,
				A20000000000000000000093 /* UnifiedPlaybackTests.swift in Sources */,
				A20000000000000000000095 /* AudioAnalyzerTests.swift in Sources */,
			);
			runOnlyForDeploymentPostprocessing = 0;
		};
/* End PBXSourcesBuildPhase section */

/* Begin PBXTargetDependency section */
		A20000000000000000000026 /* PBXTargetDependency */ = {
			isa = PBXTargetDependency;
			target = 504EC3031FED79650016851F /* App */;
			targetProxy = A20000000000000000000025 /* PBXContainerItemProxy */;
		};
/* End PBXTargetDependency section */

/* Begin PBXVariantGroup section */
		504EC3101FED79650016851F /* LaunchScreen.storyboard */ = {
			isa = PBXVariantGroup;
			children = (
				504EC3111FED79650016851F /* Base */,
			);
			name = LaunchScreen.storyboard;
			sourceTree = "<group>";
		};
/* End PBXVariantGroup section */

/* Begin XCBuildConfiguration section */
		504EC3141FED79650016851F /* Debug */ = {
			isa = XCBuildConfiguration;
			buildSettings = {
				ALWAYS_SEARCH_USER_PATHS = NO;
				CLANG_ANALYZER_NONNULL = YES;
				CLANG_ANALYZER_NUMBER_OBJECT_CONVERSION = YES_AGGRESSIVE;
				CLANG_CXX_LANGUAGE_STANDARD = "gnu++14";
				CLANG_CXX_LIBRARY = "libc++";
				CLANG_ENABLE_MODULES = YES;
				CLANG_ENABLE_OBJC_ARC = YES;
				CLANG_WARN_BLOCK_CAPTURE_AUTORELEASING = YES;
				CLANG_WARN_BOOL_CONVERSION = YES;
				CLANG_WARN_COMMA = YES;
				CLANG_WARN_CONSTANT_CONVERSION = YES;
				CLANG_WARN_DIRECT_OBJC_ISA_USAGE = YES_ERROR;
				CLANG_WARN_DOCUMENTATION_COMMENTS = YES;
				CLANG_WARN_EMPTY_BODY = YES;
				CLANG_WARN_ENUM_CONVERSION = YES;
				CLANG_WARN_INFINITE_RECURSION = YES;
				CLANG_WARN_INT_CONVERSION = YES;
				CLANG_WARN_NON_LITERAL_NULL_CONVERSION = YES;
				CLANG_WARN_OBJC_LITERAL_CONVERSION = YES;
				CLANG_WARN_OBJC_ROOT_CLASS = YES_ERROR;
				CLANG_WARN_RANGE_LOOP_ANALYSIS = YES;
				CLANG_WARN_STRICT_PROTOTYPES = YES;
				CLANG_WARN_SUSPICIOUS_MOVE = YES;
				CLANG_WARN_UNGUARDED_AVAILABILITY = YES_AGGRESSIVE;
				CLANG_WARN_UNREACHABLE_CODE = YES;
				CLANG_WARN__DUPLICATE_METHOD_MATCH = YES;
				CODE_SIGN_IDENTITY = "iPhone Developer";
				COPY_PHASE_STRIP = NO;
				DEBUG_INFORMATION_FORMAT = dwarf;
				ENABLE_STRICT_OBJC_MSGSEND = YES;
				ENABLE_TESTABILITY = YES;
				GCC_C_LANGUAGE_STANDARD = gnu11;
				GCC_DYNAMIC_NO_PIC = NO;
				GCC_NO_COMMON_BLOCKS = YES;
				GCC_OPTIMIZATION_LEVEL = 0;
				GCC_PREPROCESSOR_DEFINITIONS = (
					"DEBUG=1",
					"$(inherited)",
				);
				GCC_WARN_64_TO_32_BIT_CONVERSION = YES;
				GCC_WARN_ABOUT_RETURN_TYPE = YES_ERROR;
				GCC_WARN_UNDECLARED_SELECTOR = YES;
				GCC_WARN_UNINITIALIZED_AUTOS = YES_AGGRESSIVE;
				GCC_WARN_UNUSED_FUNCTION = YES;
				GCC_WARN_UNUSED_VARIABLE = YES;
				IPHONEOS_DEPLOYMENT_TARGET = 26.0;
				MTL_ENABLE_DEBUG_INFO = YES;
				ONLY_ACTIVE_ARCH = YES;
				SDKROOT = iphoneos;
				SWIFT_ACTIVE_COMPILATION_CONDITIONS = DEBUG;
				SWIFT_OPTIMIZATION_LEVEL = "-Onone";
			};
			name = Debug;
		};
		504EC3151FED79650016851F /* Release */ = {
			isa = XCBuildConfiguration;
			buildSettings = {
				ALWAYS_SEARCH_USER_PATHS = NO;
				CLANG_ANALYZER_NONNULL = YES;
				CLANG_ANALYZER_NUMBER_OBJECT_CONVERSION = YES_AGGRESSIVE;
				CLANG_CXX_LANGUAGE_STANDARD = "gnu++14";
				CLANG_CXX_LIBRARY = "libc++";
				CLANG_ENABLE_MODULES = YES;
				CLANG_ENABLE_OBJC_ARC = YES;
				CLANG_WARN_BLOCK_CAPTURE_AUTORELEASING = YES;
				CLANG_WARN_BOOL_CONVERSION = YES;
				CLANG_WARN_COMMA = YES;
				CLANG_WARN_CONSTANT_CONVERSION = YES;
				CLANG_WARN_DIRECT_OBJC_ISA_USAGE = YES_ERROR;
				CLANG_WARN_DOCUMENTATION_COMMENTS = YES;
				CLANG_WARN_EMPTY_BODY = YES;
				CLANG_WARN_ENUM_CONVERSION = YES;
				CLANG_WARN_INFINITE_RECURSION = YES;
				CLANG_WARN_INT_CONVERSION = YES;
				CLANG_WARN_NON_LITERAL_NULL_CONVERSION = YES;
				CLANG_WARN_OBJC_LITERAL_CONVERSION = YES;
				CLANG_WARN_OBJC_ROOT_CLASS = YES_ERROR;
				CLANG_WARN_RANGE_LOOP_ANALYSIS = YES;
				CLANG_WARN_STRICT_PROTOTYPES = YES;
				CLANG_WARN_SUSPICIOUS_MOVE = YES;
				CLANG_WARN_UNGUARDED_AVAILABILITY = YES_AGGRESSIVE;
				CLANG_WARN_UNREACHABLE_CODE = YES;
				CLANG_WARN__DUPLICATE_METHOD_MATCH = YES;
				CODE_SIGN_IDENTITY = "iPhone Developer";
				COPY_PHASE_STRIP = NO;
				DEBUG_INFORMATION_FORMAT = "dwarf-with-dsym";
				ENABLE_NS_ASSERTIONS = NO;
				ENABLE_STRICT_OBJC_MSGSEND = YES;
				GCC_C_LANGUAGE_STANDARD = gnu11;
				GCC_NO_COMMON_BLOCKS = YES;
				GCC_WARN_64_TO_32_BIT_CONVERSION = YES;
				GCC_WARN_ABOUT_RETURN_TYPE = YES_ERROR;
				GCC_WARN_UNDECLARED_SELECTOR = YES;
				GCC_WARN_UNINITIALIZED_AUTOS = YES_AGGRESSIVE;
				GCC_WARN_UNUSED_FUNCTION = YES;
				GCC_WARN_UNUSED_VARIABLE = YES;
				IPHONEOS_DEPLOYMENT_TARGET = 26.0;
				MTL_ENABLE_DEBUG_INFO = NO;
				SDKROOT = iphoneos;
				SWIFT_COMPILATION_MODE = wholemodule;
				SWIFT_OPTIMIZATION_LEVEL = "-O";
				VALIDATE_PRODUCT = YES;
			};
			name = Release;
		};
		504EC3171FED79650016851F /* Debug */ = {
			isa = XCBuildConfiguration;
			buildSettings = {
				ASSETCATALOG_COMPILER_APPICON_NAME = AppIcon;
				CODE_SIGN_STYLE = Automatic;
				CURRENT_PROJECT_VERSION = 1;
				DEVELOPMENT_TEAM = 6KK6V7WSG6;
				INFOPLIST_FILE = App/Info.plist;
				IPHONEOS_DEPLOYMENT_TARGET = 26.0;
				LD_RUNPATH_SEARCH_PATHS = (
					"$(inherited)",
					"@executable_path/Frameworks",
				);
				MARKETING_VERSION = 1.0;
				OTHER_SWIFT_FLAGS = "$(inherited) \"-D\" \"COCOAPODS\" \"-DDEBUG\"";
				PRODUCT_BUNDLE_IDENTIFIER = tf.monochrome.music;
				PRODUCT_NAME = "$(TARGET_NAME)";
				SWIFT_ACTIVE_COMPILATION_CONDITIONS = DEBUG;
				SWIFT_VERSION = 5.0;
				TARGETED_DEVICE_FAMILY = 1;
			};
			name = Debug;
		};
		504EC3181FED79650016851F /* Release */ = {
			isa = XCBuildConfiguration;
			buildSettings = {
				ASSETCATALOG_COMPILER_APPICON_NAME = AppIcon;
				CODE_SIGN_STYLE = Automatic;
				CURRENT_PROJECT_VERSION = 1;
				DEVELOPMENT_TEAM = 6KK6V7WSG6;
				INFOPLIST_FILE = App/Info.plist;
				IPHONEOS_DEPLOYMENT_TARGET = 26.0;
				LD_RUNPATH_SEARCH_PATHS = (
					"$(inherited)",
					"@executable_path/Frameworks",
				);
				MARKETING_VERSION = 1.0;
				PRODUCT_BUNDLE_IDENTIFIER = tf.monochrome.music;
				PRODUCT_NAME = "$(TARGET_NAME)";
				SWIFT_ACTIVE_COMPILATION_CONDITIONS = "";
				SWIFT_VERSION = 5.0;
				TARGETED_DEVICE_FAMILY = 1;
			};
			name = Release;
		};
		A20000000000000000000027 /* Debug */ = {
			isa = XCBuildConfiguration;
			buildSettings = {
				BUNDLE_LOADER = "$(TEST_HOST)";
				CODE_SIGN_STYLE = Automatic;
				CURRENT_PROJECT_VERSION = 1;
				GENERATE_INFOPLIST_FILE = YES;
				IPHONEOS_DEPLOYMENT_TARGET = 26.0;
				PRODUCT_BUNDLE_IDENTIFIER = tf.monochrome.music.tests;
				PRODUCT_NAME = "$(TARGET_NAME)";
				SDKROOT = iphoneos;
				SWIFT_VERSION = 5.0;
				TARGETED_DEVICE_FAMILY = 1;
				TEST_HOST = "$(BUILT_PRODUCTS_DIR)/App.app/App";
			};
			name = Debug;
		};
		A20000000000000000000028 /* Release */ = {
			isa = XCBuildConfiguration;
			buildSettings = {
				BUNDLE_LOADER = "$(TEST_HOST)";
				CODE_SIGN_STYLE = Automatic;
				CURRENT_PROJECT_VERSION = 1;
				GENERATE_INFOPLIST_FILE = YES;
				IPHONEOS_DEPLOYMENT_TARGET = 26.0;
				PRODUCT_BUNDLE_IDENTIFIER = tf.monochrome.music.tests;
				PRODUCT_NAME = "$(TARGET_NAME)";
				SDKROOT = iphoneos;
				SWIFT_VERSION = 5.0;
				TARGETED_DEVICE_FAMILY = 1;
				TEST_HOST = "$(BUILT_PRODUCTS_DIR)/App.app/App";
			};
			name = Release;
		};
/* End XCBuildConfiguration section */

/* Begin XCConfigurationList section */
		504EC2FF1FED79650016851F /* Build configuration list for PBXProject "App" */ = {
			isa = XCConfigurationList;
			buildConfigurations = (
				504EC3141FED79650016851F /* Debug */,
				504EC3151FED79650016851F /* Release */,
			);
			defaultConfigurationIsVisible = 0;
			defaultConfigurationName = Release;
		};
		504EC3161FED79650016851F /* Build configuration list for PBXNativeTarget "App" */ = {
			isa = XCConfigurationList;
			buildConfigurations = (
				504EC3171FED79650016851F /* Debug */,
				504EC3181FED79650016851F /* Release */,
			);
			defaultConfigurationIsVisible = 0;
			defaultConfigurationName = Release;
		};
		A20000000000000000000029 /* Build configuration list for PBXNativeTarget "AppTests" */ = {
			isa = XCConfigurationList;
			buildConfigurations = (
				A20000000000000000000027 /* Debug */,
				A20000000000000000000028 /* Release */,
			);
			defaultConfigurationIsVisible = 0;
			defaultConfigurationName = Release;
		};
/* End XCConfigurationList section */

	};
	rootObject = 504EC2FC1FED79650016851F /* Project object */;
}
